Microsoft Visual Studio Solution File, Format Version 8.00
Project("{8BC9CEB8-8B4A-11D0-8D11-00A0C91BC942}") = "Homework 3", "Homework 3.vcproj", "{DBDB0970-0E2D-4AF9-AABD-9BD651EE3252}"
	ProjectSection(ProjectDependencies) = postProject
	EndProjectSection
EndProject
Global
	GlobalSection(SolutionConfiguration) = preSolution
		Debug = Debug
		Release = Release
	EndGlobalSection
	GlobalSection(ProjectConfiguration) = postSolution
		{DBDB0970-0E2D-4AF9-AABD-9BD651EE3252}.Debug.ActiveCfg = Debug|Win32
		{DBDB0970-0E2D-4AF9-AABD-9BD651EE3252}.Debug.Build.0 = Debug|Win32
		{DBDB0970-0E2D-4AF9-AABD-9BD651EE3252}.Release.ActiveCfg = Release|Win32
		{DBDB0970-0E2D-4AF9-AABD-9BD651EE3252}.Release.Build.0 = Release|Win32
	EndGlobalSection
	GlobalSection(ExtensibilityGlobals) = postSolution
	EndGlobalSection
	GlobalSection(ExtensibilityAddIns) = postSolution
	EndGlobalSection
EndGlobal
